
Microsoft Visual Studio Solution File, Format Version 12.00
Project("{FAE04EC0-301F-11D3-BF4B-00C04F79EFBC}") = "Assignment1", "Assignment1.csproj", "{BE203D52-4A82-49B1-BE2E-C5413F981D27}"
EndProject
Project("{2150E333-8FDC-42A3-9474-1A3956D46DE8}") = "Server", "Server", "{604AF0F0-6558-4E40-ACA7-5B21387BBA1F}"
EndProject
Project("{FAE04EC0-301F-11D3-BF4B-00C04F79EFBC}") = "Entities", "Entities\Entities.csproj", "{2F390BD1-5CC4-4D86-AD4F-73667C4CC5F5}"
EndProject
Project("{FAE04EC0-301F-11D3-BF4B-00C04F79EFBC}") = "RepositoryContracts", "RepositoryContracts\RepositoryContracts.csproj", "{D1F531DC-7D30-49AA-B2AE-EC25A1408629}"
EndProject
Project("{FAE04EC0-301F-11D3-BF4B-00C04F79EFBC}") = "InMemoryRepositories", "InMemoryRepositories\InMemoryRepositories.csproj", "{668DFC12-F8C2-4F8C-89EC-F0BF8030B135}"
EndProject
Project("{FAE04EC0-301F-11D3-BF4B-00C04F79EFBC}") = "FileRepository", "FileRepository\FileRepository.csproj", "{8DE648D0-5739-4361-9E0D-AD86E6A804A9}"
EndProject
Project("{FAE04EC0-301F-11D3-BF4B-00C04F79EFBC}") = "CLI", "CLI\CLI.csproj", "{978B1556-B136-4C53-B12B-6795C88A6170}"
EndProject
Global
	GlobalSection(SolutionConfigurationPlatforms) = preSolution
		Debug|Any CPU = Debug|Any CPU
		Release|Any CPU = Release|Any CPU
	EndGlobalSection
	GlobalSection(ProjectConfigurationPlatforms) = postSolution
		{BE203D52-4A82-49B1-BE2E-C5413F981D27}.Debug|Any CPU.ActiveCfg = Debug|Any CPU
		{BE203D52-4A82-49B1-BE2E-C5413F981D27}.Debug|Any CPU.Build.0 = Debug|Any CPU
		{BE203D52-4A82-49B1-BE2E-C5413F981D27}.Release|Any CPU.ActiveCfg = Release|Any CPU
		{BE203D52-4A82-49B1-BE2E-C5413F981D27}.Release|Any CPU.Build.0 = Release|Any CPU
		{2F390BD1-5CC4-4D86-AD4F-73667C4CC5F5}.Debug|Any CPU.ActiveCfg = Debug|Any CPU
		{2F390BD1-5CC4-4D86-AD4F-73667C4CC5F5}.Debug|Any CPU.Build.0 = Debug|Any CPU
		{2F390BD1-5CC4-4D86-AD4F-73667C4CC5F5}.Release|Any CPU.ActiveCfg = Release|Any CPU
		{2F390BD1-5CC4-4D86-AD4F-73667C4CC5F5}.Release|Any CPU.Build.0 = Release|Any CPU
		{D1F531DC-7D30-49AA-B2AE-EC25A1408629}.Debug|Any CPU.ActiveCfg = Debug|Any CPU
		{D1F531DC-7D30-49AA-B2AE-EC25A1408629}.Debug|Any CPU.Build.0 = Debug|Any CPU
		{D1F531DC-7D30-49AA-B2AE-EC25A1408629}.Release|Any CPU.ActiveCfg = Release|Any CPU
		{D1F531DC-7D30-49AA-B2AE-EC25A1408629}.Release|Any CPU.Build.0 = Release|Any CPU
		{668DFC12-F8C2-4F8C-89EC-F0BF8030B135}.Debug|Any CPU.ActiveCfg = Debug|Any CPU
		{668DFC12-F8C2-4F8C-89EC-F0BF8030B135}.Debug|Any CPU.Build.0 = Debug|Any CPU
		{668DFC12-F8C2-4F8C-89EC-F0BF8030B135}.Release|Any CPU.ActiveCfg = Release|Any CPU
		{668DFC12-F8C2-4F8C-89EC-F0BF8030B135}.Release|Any CPU.Build.0 = Release|Any CPU
		{8DE648D0-5739-4361-9E0D-AD86E6A804A9}.Debug|Any CPU.ActiveCfg = Debug|Any CPU
		{8DE648D0-5739-4361-9E0D-AD86E6A804A9}.Debug|Any CPU.Build.0 = Debug|Any CPU
		{8DE648D0-5739-4361-9E0D-AD86E6A804A9}.Release|Any CPU.ActiveCfg = Release|Any CPU
		{8DE648D0-5739-4361-9E0D-AD86E6A804A9}.Release|Any CPU.Build.0 = Release|Any CPU
		{978B1556-B136-4C53-B12B-6795C88A6170}.Debug|Any CPU.ActiveCfg = Debug|Any CPU
		{978B1556-B136-4C53-B12B-6795C88A6170}.Debug|Any CPU.Build.0 = Debug|Any CPU
		{978B1556-B136-4C53-B12B-6795C88A6170}.Release|Any CPU.ActiveCfg = Release|Any CPU
		{978B1556-B136-4C53-B12B-6795C88A6170}.Release|Any CPU.Build.0 = Release|Any CPU
	EndGlobalSection
	GlobalSection(NestedProjects) = preSolution
		{2F390BD1-5CC4-4D86-AD4F-73667C4CC5F5} = {604AF0F0-6558-4E40-ACA7-5B21387BBA1F}
		{D1F531DC-7D30-49AA-B2AE-EC25A1408629} = {604AF0F0-6558-4E40-ACA7-5B21387BBA1F}
		{668DFC12-F8C2-4F8C-89EC-F0BF8030B135} = {604AF0F0-6558-4E40-ACA7-5B21387BBA1F}
		{8DE648D0-5739-4361-9E0D-AD86E6A804A9} = {604AF0F0-6558-4E40-ACA7-5B21387BBA1F}
		{978B1556-B136-4C53-B12B-6795C88A6170} = {604AF0F0-6558-4E40-ACA7-5B21387BBA1F}
	EndGlobalSection
EndGlobal
